
Microsoft Visual Studio Solution File, Format Version 12.00
# Visual Studio 15
VisualStudioVersion = 15.0.27703.2047
MinimumVisualStudioVersion = 10.0.40219.1
Project("{FAE04EC0-301F-11D3-BF4B-00C04F79EFBC}") = "CsharpIndxr", "CsharpAssoc\CsharpIndxr.csproj", "{AC4EE3E7-D74A-407B-A46A-6B139C8B1BEE}"
EndProject
Project("{FAE04EC0-301F-11D3-BF4B-00C04F79EFBC}") = "CsharpAssociation", "CsharpAssociation\CsharpAssociation.csproj", "{43FF28AE-3B3F-41B6-9499-8880CB01E81D}"
EndProject
Global
	GlobalSection(SolutionConfigurationPlatforms) = preSolution
		Debug|Any CPU = Debug|Any CPU
		Release|Any CPU = Release|Any CPU
	EndGlobalSection
	GlobalSection(ProjectConfigurationPlatforms) = postSolution
		{AC4EE3E7-D74A-407B-A46A-6B139C8B1BEE}.Debug|Any CPU.ActiveCfg = Debug|Any CPU
		{AC4EE3E7-D74A-407B-A46A-6B139C8B1BEE}.Debug|Any CPU.Build.0 = Debug|Any CPU
		{AC4EE3E7-D74A-407B-A46A-6B139C8B1BEE}.Release|Any CPU.ActiveCfg = Release|Any CPU
		{AC4EE3E7-D74A-407B-A46A-6B139C8B1BEE}.Release|Any CPU.Build.0 = Release|Any CPU
		{43FF28AE-3B3F-41B6-9499-8880CB01E81D}.Debug|Any CPU.ActiveCfg = Debug|Any CPU
		{43FF28AE-3B3F-41B6-9499-8880CB01E81D}.Debug|Any CPU.Build.0 = Debug|Any CPU
		{43FF28AE-3B3F-41B6-9499-8880CB01E81D}.Release|Any CPU.ActiveCfg = Release|Any CPU
		{43FF28AE-3B3F-41B6-9499-8880CB01E81D}.Release|Any CPU.Build.0 = Release|Any CPU
	EndGlobalSection
	GlobalSection(SolutionProperties) = preSolution
		HideSolutionNode = FALSE
	EndGlobalSection
	GlobalSection(ExtensibilityGlobals) = postSolution
		SolutionGuid = {0463EF1B-608F-4393-BD44-F356FE336339}
	EndGlobalSection
EndGlobal
